
Microsoft Visual Studio Solution File, Format Version 12.00
# Visual Studio Version 17
VisualStudioVersion = 17.14.36414.22 d17.14
MinimumVisualStudioVersion = 10.0.40219.1
Project("{FAE04EC0-301F-11D3-BF4B-00C04F79EFBC}") = "INETAssignment1", "INETAssignment1.csproj", "{7F84B5E8-1C12-48FE-984A-53FEB5E5F46B}"
EndProject
Global
	GlobalSection(SolutionConfigurationPlatforms) = preSolution
		Debug|Any CPU = Debug|Any CPU
		Release|Any CPU = Release|Any CPU
	EndGlobalSection
	GlobalSection(ProjectConfigurationPlatforms) = postSolution
		{7F84B5E8-1C12-48FE-984A-53FEB5E5F46B}.Debug|Any CPU.ActiveCfg = Debug|Any CPU
		{7F84B5E8-1C12-48FE-984A-53FEB5E5F46B}.Debug|Any CPU.Build.0 = Debug|Any CPU
		{7F84B5E8-1C12-48FE-984A-53FEB5E5F46B}.Release|Any CPU.ActiveCfg = Release|Any CPU
		{7F84B5E8-1C12-48FE-984A-53FEB5E5F46B}.Release|Any CPU.Build.0 = Release|Any CPU
	EndGlobalSection
	GlobalSection(SolutionProperties) = preSolution
		HideSolutionNode = FALSE
	EndGlobalSection
	GlobalSection(ExtensibilityGlobals) = postSolution
		SolutionGuid = {0FF2C33C-BF71-450E-92E7-B856109F5030}
	EndGlobalSection
EndGlobal
